
Microsoft Visual Studio Solution File, Format Version 12.00
# Visual Studio 2015
Project("{FAE04EC0-301F-11D3-BF4B-00C04F79EFBC}") = "Final Project 1600.CSharp", "Final Project 1600.CSharp.csproj", "{50BA2949-62DC-929B-D243-F46C16DC2BFD}"
EndProject
Global
	GlobalSection(SolutionConfigurationPlatforms) = preSolution
		Debug|Any CPU = Debug|Any CPU
		Release|Any CPU = Release|Any CPU
	EndGlobalSection
	GlobalSection(ProjectConfigurationPlatforms) = postSolution
		{50BA2949-62DC-929B-D243-F46C16DC2BFD}.Debug|Any CPU.ActiveCfg = Debug|Any CPU
		{50BA2949-62DC-929B-D243-F46C16DC2BFD}.Debug|Any CPU.Build.0 = Debug|Any CPU
		{50BA2949-62DC-929B-D243-F46C16DC2BFD}.Release|Any CPU.ActiveCfg = Release|Any CPU
		{50BA2949-62DC-929B-D243-F46C16DC2BFD}.Release|Any CPU.Build.0 = Release|Any CPU
	EndGlobalSection
	GlobalSection(SolutionProperties) = preSolution
		HideSolutionNode = FALSE
	EndGlobalSection
EndGlobal
