Microsoft Visual Studio Solution File, Format Version 11.00
# Visual Studio 2008

Project("{3B79BD49-0779-043B-4309-DE0406CDA848}") = "Final Project 1600", "Assembly-CSharp.csproj", "{3D1DE306-7908-F6C6-B7AA-A9DEC7408A91}"
EndProject
Global
	GlobalSection(SolutionConfigurationPlatforms) = preSolution
		Debug|Any CPU = Debug|Any CPU
		Release|Any CPU = Release|Any CPU
	EndGlobalSection
	GlobalSection(ProjectConfigurationPlatforms) = postSolution
		{3D1DE306-7908-F6C6-B7AA-A9DEC7408A91}.Debug|Any CPU.ActiveCfg = Debug|Any CPU
		{3D1DE306-7908-F6C6-B7AA-A9DEC7408A91}.Debug|Any CPU.Build.0 = Debug|Any CPU
		{3D1DE306-7908-F6C6-B7AA-A9DEC7408A91}.Release|Any CPU.ActiveCfg = Release|Any CPU
		{3D1DE306-7908-F6C6-B7AA-A9DEC7408A91}.Release|Any CPU.Build.0 = Release|Any CPU
	EndGlobalSection
	GlobalSection(SolutionProperties) = preSolution
		HideSolutionNode = FALSE
	EndGlobalSection
	GlobalSection(MonoDevelopProperties) = preSolution
		StartupItem = Assembly-CSharp.csproj
	EndGlobalSection
EndGlobal
